// !$*UTF8*$!
{
	archiveVersion = 1;
	classes = {
	};
	objectVersion = 50;
	objects = {

/* Begin PBXBuildFile section */
		221C66CC227E69E3007DB626 /* AppDelegate.swift in Sources */ = {isa = PBXBuildFile; fileRef = 221C66CB227E69E3007DB626 /* AppDelegate.swift */; };
		221C66CE227E69E5007DB626 /* Assets.xcassets in Resources */ = {isa = PBXBuildFile; fileRef = 221C66CD227E69E5007DB626 /* Assets.xcassets */; };
		221C66D1227E69E5007DB626 /* MainMenu.xib in Resources */ = {isa = PBXBuildFile; fileRef = 221C66CF227E69E5007DB626 /* MainMenu.xib */; };
		221C66DB227E6A1A007DB626 /* MainWindowController.swift in Sources */ = {isa = PBXBuildFile; fileRef = 221C66D9227E6A1A007DB626 /* MainWindowController.swift */; };
		221C66DC227E6A1A007DB626 /* MainWindowController.xib in Resources */ = {isa = PBXBuildFile; fileRef = 221C66DA227E6A1A007DB626 /* MainWindowController.xib */; };
		221C66DE227E796C007DB626 /* TaskList.swift in Sources */ = {isa = PBXBuildFile; fileRef = 221C66DD227E796C007DB626 /* TaskList.swift */; };
/* End PBXBuildFile section */

/* Begin PBXFileReference section */
		221C66C8227E69E3007DB626 /* ToDo List Cocoa.app */ = {isa = PBXFileReference; explicitFileType = wrapper.application; includeInIndex = 0; path = "ToDo List Cocoa.app"; sourceTree = BUILT_PRODUCTS_DIR; };
		221C66CB227E69E3007DB626 /* AppDelegate.swift */ = {isa = PBXFileReference; lastKnownFileType = sourcecode.swift; path = AppDelegate.swift; sourceTree = "<group>"; };
		221C66CD227E69E5007DB626 /* Assets.xcassets */ = {isa = PBXFileReference; lastKnownFileType = folder.assetcatalog; path = Assets.xcassets; sourceTree = "<group>"; };
		221C66D0227E69E5007DB626 /* Base */ = {isa = PBXFileReference; lastKnownFileType = file.xib; name = Base; path = Base.lproj/MainMenu.xib; sourceTree = "<group>"; };
		221C66D2227E69E5007DB626 /* Info.plist */ = {isa = PBXFileReference; lastKnownFileType = text.plist.xml; path = Info.plist; sourceTree = "<group>"; };
		221C66D3227E69E5007DB626 /* ToDo_List_Cocoa.entitlements */ = {isa = PBXFileReference; lastKnownFileType = text.plist.entitlements; path = ToDo_List_Cocoa.entitlements; sourceTree = "<group>"; };
		221C66D9227E6A1A007DB626 /* MainWindowController.swift */ = {isa = PBXFileReference; lastKnownFileType = sourcecode.swift; path = MainWindowController.swift; sourceTree = "<group>"; };
		221C66DA227E6A1A007DB626 /* MainWindowController.xib */ = {isa = PBXFileReference; lastKnownFileType = file.xib; path = MainWindowController.xib; sourceTree = "<group>"; };
		221C66DD227E796C007DB626 /* TaskList.swift */ = {isa = PBXFileReference; lastKnownFileType = sourcecode.swift; path = TaskList.swift; sourceTree = "<group>"; };
/* End PBXFileReference section */

/* Begin PBXFrameworksBuildPhase section */
		221C66C5227E69E3007DB626 /* Frameworks */ = {
			isa = PBXFrameworksBuildPhase;
			buildActionMask = 2147483647;
			files = (
			);
			runOnlyForDeploymentPostprocessing = 0;
		};
/* End PBXFrameworksBuildPhase section */

/* Begin PBXGroup section */
		221C66BF227E69E3007DB626 = {
			isa = PBXGroup;
			children = (
				221C66CA227E69E3007DB626 /* ToDo List Cocoa */,
				221C66C9227E69E3007DB626 /* Products */,
			);
			sourceTree = "<group>";
		};
		221C66C9227E69E3007DB626 /* Products */ = {
			isa = PBXGroup;
			children = (
				221C66C8227E69E3007DB626 /* ToDo List Cocoa.app */,
			);
			name = Products;
			sourceTree = "<group>";
		};
		221C66CA227E69E3007DB626 /* ToDo List Cocoa */ = {
			isa = PBXGroup;
			children = (
				221C66CB227E69E3007DB626 /* AppDelegate.swift */,
				221C66CD227E69E5007DB626 /* Assets.xcassets */,
				221C66CF227E69E5007DB626 /* MainMenu.xib */,
				221C66D2227E69E5007DB626 /* Info.plist */,
				221C66D3227E69E5007DB626 /* ToDo_List_Cocoa.entitlements */,
				221C66D9227E6A1A007DB626 /* MainWindowController.swift */,
				221C66DD227E796C007DB626 /* TaskList.swift */,
				221C66DA227E6A1A007DB626 /* MainWindowController.xib */,
			);
			path = "ToDo List Cocoa";
			sourceTree = "<group>";
		};
/* End PBXGroup section */

/* Begin PBXNativeTarget section */
		221C66C7227E69E3007DB626 /* ToDo List Cocoa */ = {
			isa = PBXNativeTarget;
			buildConfigurationList = 221C66D6227E69E5007DB626 /* Build configuration list for PBXNativeTarget "ToDo List Cocoa" */;
			buildPhases = (
				221C66C4227E69E3007DB626 /* Sources */,
				221C66C5227E69E3007DB626 /* Frameworks */,
				221C66C6227E69E3007DB626 /* Resources */,
			);
			buildRules = (
			);
			dependencies = (
			);
			name = "ToDo List Cocoa";
			productName = "ToDo List Cocoa";
			productReference = 221C66C8227E69E3007DB626 /* ToDo List Cocoa.app */;
			productType = "com.apple.product-type.application";
		};
/* End PBXNativeTarget section */

/* Begin PBXProject section */
		221C66C0227E69E3007DB626 /* Project object */ = {
			isa = PBXProject;
			attributes = {
				LastSwiftUpdateCheck = 1020;
				LastUpgradeCheck = 1020;
				ORGANIZATIONNAME = CyberShark;
				TargetAttributes = {
					221C66C7227E69E3007DB626 = {
						CreatedOnToolsVersion = 10.2.1;
					};
				};
			};
			buildConfigurationList = 221C66C3227E69E3007DB626 /* Build configuration list for PBXProject "ToDo List Cocoa" */;
			compatibilityVersion = "Xcode 9.3";
			developmentRegion = en;
			hasScannedForEncodings = 0;
			knownRegions = (
				en,
				Base,
			);
			mainGroup = 221C66BF227E69E3007DB626;
			productRefGroup = 221C66C9227E69E3007DB626 /* Products */;
			projectDirPath = "";
			projectRoot = "";
			targets = (
				221C66C7227E69E3007DB626 /* ToDo List Cocoa */,
			);
		};
/* End PBXProject section */

/* Begin PBXResourcesBuildPhase section */
		221C66C6227E69E3007DB626 /* Resources */ = {
			isa = PBXResourcesBuildPhase;
			buildActionMask = 2147483647;
			files = (
				221C66CE227E69E5007DB626 /* Assets.xcassets in Resources */,
				221C66DC227E6A1A007DB626 /* MainWindowController.xib in Resources */,
				221C66D1227E69E5007DB626 /* MainMenu.xib in Resources */,
			);
			runOnlyForDeploymentPostprocessing = 0;
		};
/* End PBXResourcesBuildPhase section */

/* Begin PBXSourcesBuildPhase section */
		221C66C4227E69E3007DB626 /* Sources */ = {
			isa = PBXSourcesBuildPhase;
			buildActionMask = 2147483647;
			files = (
				221C66DE227E796C007DB626 /* TaskList.swift in Sources */,
				221C66DB227E6A1A007DB626 /* MainWindowController.swift in Sources */,
				221C66CC227E69E3007DB626 /* AppDelegate.swift in Sources */,
			);
			runOnlyForDeploymentPostprocessing = 0;
		};
/* End PBXSourcesBuildPhase section */

/* Begin PBXVariantGroup section */
		221C66CF227E69E5007DB626 /* MainMenu.xib */ = {
			isa = PBXVariantGroup;
			children = (
				221C66D0227E69E5007DB626 /* Base */,
			);
			name = MainMenu.xib;
			sourceTree = "<group>";
		};
/* End PBXVariantGroup section */

/* Begin XCBuildConfiguration section */
		221C66D4227E69E5007DB626 /* Debug */ = {
			isa = XCBuildConfiguration;
			buildSettings = {
				ALWAYS_SEARCH_USER_PATHS = NO;
				CLANG_ANALYZER_NONNULL = YES;
				CLANG_ANALYZER_NUMBER_OBJECT_CONVERSION = YES_AGGRESSIVE;
				CLANG_CXX_LANGUAGE_STANDARD = "gnu++14";
				CLANG_CXX_LIBRARY = "libc++";
				CLANG_ENABLE_MODULES = YES;
				CLANG_ENABLE_OBJC_ARC = YES;
				CLANG_ENABLE_OBJC_WEAK = YES;
				CLANG_WARN_BLOCK_CAPTURE_AUTORELEASING = YES;
				CLANG_WARN_BOOL_CONVERSION = YES;
				CLANG_WARN_COMMA = YES;
				CLANG_WARN_CONSTANT_CONVERSION = YES;
				CLANG_WARN_DEPRECATED_OBJC_IMPLEMENTATIONS = YES;
				CLANG_WARN_DIRECT_OBJC_ISA_USAGE = YES_ERROR;
				CLANG_WARN_DOCUMENTATION_COMMENTS = YES;
				CLANG_WARN_EMPTY_BODY = YES;
				CLANG_WARN_ENUM_CONVERSION = YES;
				CLANG_WARN_INFINITE_RECURSION = YES;
				CLANG_WARN_INT_CONVERSION = YES;
				CLANG_WARN_NON_LITERAL_NULL_CONVERSION = YES;
				CLANG_WARN_OBJC_IMPLICIT_RETAIN_SELF = YES;
				CLANG_WARN_OBJC_LITERAL_CONVERSION = YES;
				CLANG_WARN_OBJC_ROOT_CLASS = YES_ERROR;
				CLANG_WARN_RANGE_LOOP_ANALYSIS = YES;
				CLANG_WARN_STRICT_PROTOTYPES = YES;
				CLANG_WARN_SUSPICIOUS_MOVE = YES;
				CLANG_WARN_UNGUARDED_AVAILABILITY = YES_AGGRESSIVE;
				CLANG_WARN_UNREACHABLE_CODE = YES;
				CLANG_WARN__DUPLICATE_METHOD_MATCH = YES;
				CODE_SIGN_IDENTITY = "Mac Developer";
				COPY_PHASE_STRIP = NO;
				DEBUG_INFORMATION_FORMAT = dwarf;
				ENABLE_STRICT_OBJC_MSGSEND = YES;
				ENABLE_TESTABILITY = YES;
				GCC_C_LANGUAGE_STANDARD = gnu11;
				GCC_DYNAMIC_NO_PIC = NO;
				GCC_NO_COMMON_BLOCKS = YES;
				GCC_OPTIMIZATION_LEVEL = 0;
				GCC_PREPROCESSOR_DEFINITIONS = (
					"DEBUG=1",
					"$(inherited)",
				);
				GCC_WARN_64_TO_32_BIT_CONVERSION = YES;
				GCC_WARN_ABOUT_RETURN_TYPE = YES_ERROR;
				GCC_WARN_UNDECLARED_SELECTOR = YES;
				GCC_WARN_UNINITIALIZED_AUTOS = YES_AGGRESSIVE;
				GCC_WARN_UNUSED_FUNCTION = YES;
				GCC_WARN_UNUSED_VARIABLE = YES;
				MACOSX_DEPLOYMENT_TARGET = 10.14;
				MTL_ENABLE_DEBUG_INFO = INCLUDE_SOURCE;
				MTL_FAST_MATH = YES;
				ONLY_ACTIVE_ARCH = YES;
				SDKROOT = macosx;
				SWIFT_ACTIVE_COMPILATION_CONDITIONS = DEBUG;
				SWIFT_OPTIMIZATION_LEVEL = "-Onone";
			};
			name = Debug;
		};
		221C66D5227E69E5007DB626 /* Release */ = {
			isa = XCBuildConfiguration;
			buildSettings = {
				ALWAYS_SEARCH_USER_PATHS = NO;
				CLANG_ANALYZER_NONNULL = YES;
				CLANG_ANALYZER_NUMBER_OBJECT_CONVERSION = YES_AGGRESSIVE;
				CLANG_CXX_LANGUAGE_STANDARD = "gnu++14";
				CLANG_CXX_LIBRARY = "libc++";
				CLANG_ENABLE_MODULES = YES;
				CLANG_ENABLE_OBJC_ARC = YES;
				CLANG_ENABLE_OBJC_WEAK = YES;
				CLANG_WARN_BLOCK_CAPTURE_AUTORELEASING = YES;
				CLANG_WARN_BOOL_CONVERSION = YES;
				CLANG_WARN_COMMA = YES;
				CLANG_WARN_CONSTANT_CONVERSION = YES;
				CLANG_WARN_DEPRECATED_OBJC_IMPLEMENTATIONS = YES;
				CLANG_WARN_DIRECT_OBJC_ISA_USAGE = YES_ERROR;
				CLANG_WARN_DOCUMENTATION_COMMENTS = YES;
				CLANG_WARN_EMPTY_BODY = YES;
				CLANG_WARN_ENUM_CONVERSION = YES;
				CLANG_WARN_INFINITE_RECURSION = YES;
				CLANG_WARN_INT_CONVERSION = YES;
				CLANG_WARN_NON_LITERAL_NULL_CONVERSION = YES;
				CLANG_WARN_OBJC_IMPLICIT_RETAIN_SELF = YES;
				CLANG_WARN_OBJC_LITERAL_CONVERSION = YES;
				CLANG_WARN_OBJC_ROOT_CLASS = YES_ERROR;
				CLANG_WARN_RANGE_LOOP_ANALYSIS = YES;
				CLANG_WARN_STRICT_PROTOTYPES = YES;
				CLANG_WARN_SUSPICIOUS_MOVE = YES;
				CLANG_WARN_UNGUARDED_AVAILABILITY = YES_AGGRESSIVE;
				CLANG_WARN_UNREACHABLE_CODE = YES;
				CLANG_WARN__DUPLICATE_METHOD_MATCH = YES;
				CODE_SIGN_IDENTITY = "Mac Developer";
				COPY_PHASE_STRIP = NO;
				DEBUG_INFORMATION_FORMAT = "dwarf-with-dsym";
				ENABLE_NS_ASSERTIONS = NO;
				ENABLE_STRICT_OBJC_MSGSEND = YES;
				GCC_C_LANGUAGE_STANDARD = gnu11;
				GCC_NO_COMMON_BLOCKS = YES;
				GCC_WARN_64_TO_32_BIT_CONVERSION = YES;
				GCC_WARN_ABOUT_RETURN_TYPE = YES_ERROR;
				GCC_WARN_UNDECLARED_SELECTOR = YES;
				GCC_WARN_UNINITIALIZED_AUTOS = YES_AGGRESSIVE;
				GCC_WARN_UNUSED_FUNCTION = YES;
				GCC_WARN_UNUSED_VARIABLE = YES;
				MACOSX_DEPLOYMENT_TARGET = 10.14;
				MTL_ENABLE_DEBUG_INFO = NO;
				MTL_FAST_MATH = YES;
				SDKROOT = macosx;
				SWIFT_COMPILATION_MODE = wholemodule;
				SWIFT_OPTIMIZATION_LEVEL = "-O";
			};
			name = Release;
		};
		221C66D7227E69E5007DB626 /* Debug */ = {
			isa = XCBuildConfiguration;
			buildSettings = {
				ASSETCATALOG_COMPILER_APPICON_NAME = AppIcon;
				CODE_SIGN_ENTITLEMENTS = "ToDo List Cocoa/ToDo_List_Cocoa.entitlements";
				CODE_SIGN_STYLE = Automatic;
				COMBINE_HIDPI_IMAGES = YES;
				DEVELOPMENT_TEAM = 4S2CQN8Y4Z;
				INFOPLIST_FILE = "ToDo List Cocoa/Info.plist";
				LD_RUNPATH_SEARCH_PATHS = (
					"$(inherited)",
					"@executable_path/../Frameworks",
				);
				PRODUCT_BUNDLE_IDENTIFIER = "io.cybershark.ToDo-List-Cocoa";
				PRODUCT_NAME = "$(TARGET_NAME)";
				SWIFT_VERSION = 5.0;
			};
			name = Debug;
		};
		221C66D8227E69E5007DB626 /* Release */ = {
			isa = XCBuildConfiguration;
			buildSettings = {
				ASSETCATALOG_COMPILER_APPICON_NAME = AppIcon;
				CODE_SIGN_ENTITLEMENTS = "ToDo List Cocoa/ToDo_List_Cocoa.entitlements";
				CODE_SIGN_STYLE = Automatic;
				COMBINE_HIDPI_IMAGES = YES;
				DEVELOPMENT_TEAM = 4S2CQN8Y4Z;
				INFOPLIST_FILE = "ToDo List Cocoa/Info.plist";
				LD_RUNPATH_SEARCH_PATHS = (
					"$(inherited)",
					"@executable_path/../Frameworks",
				);
				PRODUCT_BUNDLE_IDENTIFIER = "io.cybershark.ToDo-List-Cocoa";
				PRODUCT_NAME = "$(TARGET_NAME)";
				SWIFT_VERSION = 5.0;
			};
			name = Release;
		};
/* End XCBuildConfiguration section */

/* Begin XCConfigurationList section */
		221C66C3227E69E3007DB626 /* Build configuration list for PBXProject "ToDo List Cocoa" */ = {
			isa = XCConfigurationList;
			buildConfigurations = (
				221C66D4227E69E5007DB626 /* Debug */,
				221C66D5227E69E5007DB626 /* Release */,
			);
			defaultConfigurationIsVisible = 0;
			defaultConfigurationName = Release;
		};
		221C66D6227E69E5007DB626 /* Build configuration list for PBXNativeTarget "ToDo List Cocoa" */ = {
			isa = XCConfigurationList;
			buildConfigurations = (
				221C66D7227E69E5007DB626 /* Debug */,
				221C66D8227E69E5007DB626 /* Release */,
			);
			defaultConfigurationIsVisible = 0;
			defaultConfigurationName = Release;
		};
/* End XCConfigurationList section */
	};
	rootObject = 221C66C0227E69E3007DB626 /* Project object */;
}
